
Microsoft Visual Studio Solution File, Format Version 12.00
# Visual Studio Version 16
VisualStudioVersion = 16.0.30204.135
MinimumVisualStudioVersion = 10.0.40219.1
Project("{FAE04EC0-301F-11D3-BF4B-00C04F79EFBC}") = "PragyanInfotech.BookStore", "PragyanInfotech.BookStore.csproj", "{C4118169-2C24-4694-A364-8E7FA2D29365}"
EndProject
Global
	GlobalSection(SolutionConfigurationPlatforms) = preSolution
		Debug|Any CPU = Debug|Any CPU
		Release|Any CPU = Release|Any CPU
	EndGlobalSection
	GlobalSection(ProjectConfigurationPlatforms) = postSolution
		{C4118169-2C24-4694-A364-8E7FA2D29365}.Debug|Any CPU.ActiveCfg = Debug|Any CPU
		{C4118169-2C24-4694-A364-8E7FA2D29365}.Debug|Any CPU.Build.0 = Debug|Any CPU
		{C4118169-2C24-4694-A364-8E7FA2D29365}.Release|Any CPU.ActiveCfg = Release|Any CPU
		{C4118169-2C24-4694-A364-8E7FA2D29365}.Release|Any CPU.Build.0 = Release|Any CPU
	EndGlobalSection
	GlobalSection(SolutionProperties) = preSolution
		HideSolutionNode = FALSE
	EndGlobalSection
	GlobalSection(ExtensibilityGlobals) = postSolution
		SolutionGuid = {223E41DA-5B2F-4485-84D1-0F5FFCE93B2E}
	EndGlobalSection
EndGlobal
